
Microsoft Visual Studio Solution File, Format Version 12.00
# Visual Studio 15
VisualStudioVersion = 15.0.26228.4
MinimumVisualStudioVersion = 10.0.40219.1
Project("{2150E333-8FDC-42A3-9474-1A3956D46DE8}") = "1.0.Presentation", "1.0.Presentation", "{82D6F9B9-5E8B-4C14-AE3A-4B41F355AF23}"
EndProject
Project("{2150E333-8FDC-42A3-9474-1A3956D46DE8}") = "2.0.Service", "2.0.Service", "{883F8C48-57A5-402E-90AE-32EF2C98D6AD}"
EndProject
Project("{2150E333-8FDC-42A3-9474-1A3956D46DE8}") = "4.0.DataAccess", "4.0.DataAccess", "{46A40990-9CCC-4864-BB43-FDFC306EBFBC}"
EndProject
Project("{2150E333-8FDC-42A3-9474-1A3956D46DE8}") = "6.0.DataTransportObject", "6.0.DataTransportObject", "{B9A4E1A7-576A-4B03-90C3-44AD0CC53585}"
EndProject
Project("{2150E333-8FDC-42A3-9474-1A3956D46DE8}") = "5.0.ObjectModel", "5.0.ObjectModel", "{E96A1ACD-E37B-418F-8D7C-0ADD426E3842}"
EndProject
Project("{2150E333-8FDC-42A3-9474-1A3956D46DE8}") = "3.0.BusinessLogic", "3.0.BusinessLogic", "{7C1B7344-C588-4D28-838D-313AC6ABF430}"
EndProject
Project("{2150E333-8FDC-42A3-9474-1A3956D46DE8}") = "8.0.SolutionItem", "8.0.SolutionItem", "{1E38D71C-FFA3-4880-9FFA-CC88E115F062}"
EndProject
Project("{FAE04EC0-301F-11D3-BF4B-00C04F79EFBC}") = "TonglBin.IService", "TonglBin.IService\TonglBin.IService.csproj", "{7006202D-A1EC-4B58-8992-F7E7E4F74977}"
EndProject
Project("{FAE04EC0-301F-11D3-BF4B-00C04F79EFBC}") = "TonglBin.Model", "TonglBin.Model\TonglBin.Model.csproj", "{AA4221F9-D5ED-4AED-9744-286E3543B1F5}"
EndProject
Project("{FAE04EC0-301F-11D3-BF4B-00C04F79EFBC}") = "TonglBin.Web", "TonglBin.Web\TonglBin.Web.csproj", "{82FD9D9B-A363-447D-B2FD-ADBE2765F697}"
EndProject
Project("{FAE04EC0-301F-11D3-BF4B-00C04F79EFBC}") = "TonglBin.ServiceImpl", "TonglBin.ServiceImpl\TonglBin.ServiceImpl.csproj", "{83676443-F28D-4594-9861-8D629B4ED6A2}"
EndProject
Project("{FAE04EC0-301F-11D3-BF4B-00C04F79EFBC}") = "TonglBin.ServiceHost", "TonglBin.ServiceHost\TonglBin.ServiceHost.csproj", "{900D58D3-BD2B-4B25-8FEA-015A3BAFD598}"
EndProject
Project("{2150E333-8FDC-42A3-9474-1A3956D46DE8}") = "Log4net", "Log4net", "{70886E4B-C39D-4657-AFA3-69EE3A08FEAA}"
EndProject
Project("{2150E333-8FDC-42A3-9474-1A3956D46DE8}") = "Autofac", "Autofac", "{A89189C6-9F62-4995-9006-E04AF9271879}"
EndProject
Project("{FAE04EC0-301F-11D3-BF4B-00C04F79EFBC}") = "TonglBin.CommonDataAccess", "TonglBin.CommonDataAccess\TonglBin.CommonDataAccess.csproj", "{33D4B1BB-D23A-42DD-93B6-711974A1922B}"
EndProject
Project("{2150E333-8FDC-42A3-9474-1A3956D46DE8}") = "Redis", "Redis", "{BDDE0BA6-F9D7-4F25-8D88-0E27A3FB7FF3}"
EndProject
Project("{2150E333-8FDC-42A3-9474-1A3956D46DE8}") = "EPPlus", "EPPlus", "{F39F0D7E-E8A9-4246-923A-508DFB1465BC}"
EndProject
Project("{2150E333-8FDC-42A3-9474-1A3956D46DE8}") = "Dapper", "Dapper", "{6F360C02-27A2-4CB1-996D-CBBDD91839F4}"
EndProject
Project("{2150E333-8FDC-42A3-9474-1A3956D46DE8}") = "7.0.CommonTools", "7.0.CommonTools", "{52525E8A-A42B-4840-B8F3-04B4333BFE28}"
EndProject
Project("{FAE04EC0-301F-11D3-BF4B-00C04F79EFBC}") = "TonglBin.CommonTools", "TonglBin.CommonTools\TonglBin.CommonTools.csproj", "{E8173637-706C-4A97-B4D6-6BE985C6D867}"
EndProject
Project("{FAE04EC0-301F-11D3-BF4B-00C04F79EFBC}") = "TonglBin.Business", "TonglBin.Business\TonglBin.Business.csproj", "{4C9B5A25-4648-4F73-949D-6F42D72F5C14}"
EndProject
Project("{FAE04EC0-301F-11D3-BF4B-00C04F79EFBC}") = "TonglBin.ICommonDataAccess", "TonglBin.ICommonDataAccess\TonglBin.ICommonDataAccess.csproj", "{2C7281EC-2C73-461B-A69F-9BDE342EEA27}"
EndProject
Global
	GlobalSection(SolutionConfigurationPlatforms) = preSolution
		Debug|Any CPU = Debug|Any CPU
		Release|Any CPU = Release|Any CPU
	EndGlobalSection
	GlobalSection(ProjectConfigurationPlatforms) = postSolution
		{7006202D-A1EC-4B58-8992-F7E7E4F74977}.Debug|Any CPU.ActiveCfg = Debug|Any CPU
		{7006202D-A1EC-4B58-8992-F7E7E4F74977}.Debug|Any CPU.Build.0 = Debug|Any CPU
		{7006202D-A1EC-4B58-8992-F7E7E4F74977}.Release|Any CPU.ActiveCfg = Release|Any CPU
		{7006202D-A1EC-4B58-8992-F7E7E4F74977}.Release|Any CPU.Build.0 = Release|Any CPU
		{AA4221F9-D5ED-4AED-9744-286E3543B1F5}.Debug|Any CPU.ActiveCfg = Debug|Any CPU
		{AA4221F9-D5ED-4AED-9744-286E3543B1F5}.Debug|Any CPU.Build.0 = Debug|Any CPU
		{AA4221F9-D5ED-4AED-9744-286E3543B1F5}.Release|Any CPU.ActiveCfg = Release|Any CPU
		{AA4221F9-D5ED-4AED-9744-286E3543B1F5}.Release|Any CPU.Build.0 = Release|Any CPU
		{82FD9D9B-A363-447D-B2FD-ADBE2765F697}.Debug|Any CPU.ActiveCfg = Debug|Any CPU
		{82FD9D9B-A363-447D-B2FD-ADBE2765F697}.Debug|Any CPU.Build.0 = Debug|Any CPU
		{82FD9D9B-A363-447D-B2FD-ADBE2765F697}.Release|Any CPU.ActiveCfg = Release|Any CPU
		{82FD9D9B-A363-447D-B2FD-ADBE2765F697}.Release|Any CPU.Build.0 = Release|Any CPU
		{83676443-F28D-4594-9861-8D629B4ED6A2}.Debug|Any CPU.ActiveCfg = Debug|Any CPU
		{83676443-F28D-4594-9861-8D629B4ED6A2}.Debug|Any CPU.Build.0 = Debug|Any CPU
		{83676443-F28D-4594-9861-8D629B4ED6A2}.Release|Any CPU.ActiveCfg = Release|Any CPU
		{83676443-F28D-4594-9861-8D629B4ED6A2}.Release|Any CPU.Build.0 = Release|Any CPU
		{900D58D3-BD2B-4B25-8FEA-015A3BAFD598}.Debug|Any CPU.ActiveCfg = Debug|Any CPU
		{900D58D3-BD2B-4B25-8FEA-015A3BAFD598}.Debug|Any CPU.Build.0 = Debug|Any CPU
		{900D58D3-BD2B-4B25-8FEA-015A3BAFD598}.Release|Any CPU.ActiveCfg = Release|Any CPU
		{900D58D3-BD2B-4B25-8FEA-015A3BAFD598}.Release|Any CPU.Build.0 = Release|Any CPU
		{33D4B1BB-D23A-42DD-93B6-711974A1922B}.Debug|Any CPU.ActiveCfg = Debug|Any CPU
		{33D4B1BB-D23A-42DD-93B6-711974A1922B}.Debug|Any CPU.Build.0 = Debug|Any CPU
		{33D4B1BB-D23A-42DD-93B6-711974A1922B}.Release|Any CPU.ActiveCfg = Release|Any CPU
		{33D4B1BB-D23A-42DD-93B6-711974A1922B}.Release|Any CPU.Build.0 = Release|Any CPU
		{E8173637-706C-4A97-B4D6-6BE985C6D867}.Debug|Any CPU.ActiveCfg = Debug|Any CPU
		{E8173637-706C-4A97-B4D6-6BE985C6D867}.Debug|Any CPU.Build.0 = Debug|Any CPU
		{E8173637-706C-4A97-B4D6-6BE985C6D867}.Release|Any CPU.ActiveCfg = Release|Any CPU
		{E8173637-706C-4A97-B4D6-6BE985C6D867}.Release|Any CPU.Build.0 = Release|Any CPU
		{4C9B5A25-4648-4F73-949D-6F42D72F5C14}.Debug|Any CPU.ActiveCfg = Debug|Any CPU
		{4C9B5A25-4648-4F73-949D-6F42D72F5C14}.Debug|Any CPU.Build.0 = Debug|Any CPU
		{4C9B5A25-4648-4F73-949D-6F42D72F5C14}.Release|Any CPU.ActiveCfg = Release|Any CPU
		{4C9B5A25-4648-4F73-949D-6F42D72F5C14}.Release|Any CPU.Build.0 = Release|Any CPU
		{2C7281EC-2C73-461B-A69F-9BDE342EEA27}.Debug|Any CPU.ActiveCfg = Debug|Any CPU
		{2C7281EC-2C73-461B-A69F-9BDE342EEA27}.Debug|Any CPU.Build.0 = Debug|Any CPU
		{2C7281EC-2C73-461B-A69F-9BDE342EEA27}.Release|Any CPU.ActiveCfg = Release|Any CPU
		{2C7281EC-2C73-461B-A69F-9BDE342EEA27}.Release|Any CPU.Build.0 = Release|Any CPU
	EndGlobalSection
	GlobalSection(SolutionProperties) = preSolution
		HideSolutionNode = FALSE
	EndGlobalSection
	GlobalSection(NestedProjects) = preSolution
		{7006202D-A1EC-4B58-8992-F7E7E4F74977} = {883F8C48-57A5-402E-90AE-32EF2C98D6AD}
		{AA4221F9-D5ED-4AED-9744-286E3543B1F5} = {E96A1ACD-E37B-418F-8D7C-0ADD426E3842}
		{82FD9D9B-A363-447D-B2FD-ADBE2765F697} = {82D6F9B9-5E8B-4C14-AE3A-4B41F355AF23}
		{83676443-F28D-4594-9861-8D629B4ED6A2} = {883F8C48-57A5-402E-90AE-32EF2C98D6AD}
		{900D58D3-BD2B-4B25-8FEA-015A3BAFD598} = {883F8C48-57A5-402E-90AE-32EF2C98D6AD}
		{70886E4B-C39D-4657-AFA3-69EE3A08FEAA} = {1E38D71C-FFA3-4880-9FFA-CC88E115F062}
		{A89189C6-9F62-4995-9006-E04AF9271879} = {1E38D71C-FFA3-4880-9FFA-CC88E115F062}
		{33D4B1BB-D23A-42DD-93B6-711974A1922B} = {46A40990-9CCC-4864-BB43-FDFC306EBFBC}
		{BDDE0BA6-F9D7-4F25-8D88-0E27A3FB7FF3} = {1E38D71C-FFA3-4880-9FFA-CC88E115F062}
		{F39F0D7E-E8A9-4246-923A-508DFB1465BC} = {1E38D71C-FFA3-4880-9FFA-CC88E115F062}
		{6F360C02-27A2-4CB1-996D-CBBDD91839F4} = {1E38D71C-FFA3-4880-9FFA-CC88E115F062}
		{E8173637-706C-4A97-B4D6-6BE985C6D867} = {52525E8A-A42B-4840-B8F3-04B4333BFE28}
		{4C9B5A25-4648-4F73-949D-6F42D72F5C14} = {7C1B7344-C588-4D28-838D-313AC6ABF430}
		{2C7281EC-2C73-461B-A69F-9BDE342EEA27} = {46A40990-9CCC-4864-BB43-FDFC306EBFBC}
	EndGlobalSection
EndGlobal
